
Microsoft Visual Studio Solution File, Format Version 12.00
# Visual Studio 15
Project("{FAE04EC0-301F-11D3-BF4B-00C04F79EFBC}") = "Assembly-CSharp", "Assembly-CSharp.csproj", "{C0D64A12-FE9D-8795-D611-70312DF72098}"
EndProject
Project("{FAE04EC0-301F-11D3-BF4B-00C04F79EFBC}") = "Assembly-CSharp-Editor", "Assembly-CSharp-Editor.csproj", "{3D06AB9D-260D-22F5-7EA6-358779435A60}"
EndProject
Global
	GlobalSection(SolutionConfigurationPlatforms) = preSolution
		Debug|Any CPU = Debug|Any CPU
		Release|Any CPU = Release|Any CPU
	EndGlobalSection
	GlobalSection(ProjectConfigurationPlatforms) = postSolution
		{C0D64A12-FE9D-8795-D611-70312DF72098}.Debug|Any CPU.ActiveCfg = Debug|Any CPU
		{C0D64A12-FE9D-8795-D611-70312DF72098}.Debug|Any CPU.Build.0 = Debug|Any CPU
		{C0D64A12-FE9D-8795-D611-70312DF72098}.Release|Any CPU.ActiveCfg = Release|Any CPU
		{C0D64A12-FE9D-8795-D611-70312DF72098}.Release|Any CPU.Build.0 = Release|Any CPU
		{3D06AB9D-260D-22F5-7EA6-358779435A60}.Debug|Any CPU.ActiveCfg = Debug|Any CPU
		{3D06AB9D-260D-22F5-7EA6-358779435A60}.Debug|Any CPU.Build.0 = Debug|Any CPU
		{3D06AB9D-260D-22F5-7EA6-358779435A60}.Release|Any CPU.ActiveCfg = Release|Any CPU
		{3D06AB9D-260D-22F5-7EA6-358779435A60}.Release|Any CPU.Build.0 = Release|Any CPU
	EndGlobalSection
	GlobalSection(SolutionProperties) = preSolution
		HideSolutionNode = FALSE
	EndGlobalSection
EndGlobal
